
Microsoft Visual Studio Solution File, Format Version 12.00
Project("{FAE04EC0-301F-11D3-BF4B-00C04F79EFBC}") = "Bacs.Archive.Web.Backend", "Bacs.Archive.Web.Backend\Bacs.Archive.Web.Backend.csproj", "{FD3E6B8D-DCF1-4D8D-9AD7-6AF3024D3279}"
EndProject
Global
	GlobalSection(SolutionConfigurationPlatforms) = preSolution
		Debug|Any CPU = Debug|Any CPU
		Release|Any CPU = Release|Any CPU
	EndGlobalSection
	GlobalSection(ProjectConfigurationPlatforms) = postSolution
		{FD3E6B8D-DCF1-4D8D-9AD7-6AF3024D3279}.Debug|Any CPU.ActiveCfg = Debug|Any CPU
		{FD3E6B8D-DCF1-4D8D-9AD7-6AF3024D3279}.Debug|Any CPU.Build.0 = Debug|Any CPU
		{FD3E6B8D-DCF1-4D8D-9AD7-6AF3024D3279}.Release|Any CPU.ActiveCfg = Release|Any CPU
		{FD3E6B8D-DCF1-4D8D-9AD7-6AF3024D3279}.Release|Any CPU.Build.0 = Release|Any CPU
	EndGlobalSection
EndGlobal
